
Microsoft Visual Studio Solution File, Format Version 12.00
# Visual Studio 15
VisualStudioVersion = 15.0.27130.2036
MinimumVisualStudioVersion = 10.0.40219.1
Project("{9A19103F-16F7-4668-BE54-9A1E7A4F7556}") = "WorkoutGenerator", "WorkoutGenerator\WorkoutGenerator.csproj", "{364A5277-5A40-4878-956E-6F32674DF0D5}"
EndProject
Global
	GlobalSection(SolutionConfigurationPlatforms) = preSolution
		Debug|Any CPU = Debug|Any CPU
		Release|Any CPU = Release|Any CPU
	EndGlobalSection
	GlobalSection(ProjectConfigurationPlatforms) = postSolution
		{364A5277-5A40-4878-956E-6F32674DF0D5}.Debug|Any CPU.ActiveCfg = Debug|Any CPU
		{364A5277-5A40-4878-956E-6F32674DF0D5}.Debug|Any CPU.Build.0 = Debug|Any CPU
		{364A5277-5A40-4878-956E-6F32674DF0D5}.Release|Any CPU.ActiveCfg = Release|Any CPU
		{364A5277-5A40-4878-956E-6F32674DF0D5}.Release|Any CPU.Build.0 = Release|Any CPU
	EndGlobalSection
	GlobalSection(SolutionProperties) = preSolution
		HideSolutionNode = FALSE
	EndGlobalSection
	GlobalSection(ExtensibilityGlobals) = postSolution
		SolutionGuid = {B7EA3B36-4857-40BD-8F2F-7C5BA92A2678}
	EndGlobalSection
EndGlobal
